
Microsoft Visual Studio Solution File, Format Version 12.00
# Visual Studio Version 16
VisualStudioVersion = 16.0.31515.178
MinimumVisualStudioVersion = 10.0.40219.1
Project("{9A19103F-16F7-4668-BE54-9A1E7A4F7556}") = "CovidReader", "app\CovidReader\CovidReader.csproj", "{2EE7D6E5-FF4A-4839-BC96-1B1EADD6D93E}"
EndProject
Project("{9A19103F-16F7-4668-BE54-9A1E7A4F7556}") = "CovidReader.Models", "src\models\CovidReader.Models\CovidReader.Models.csproj", "{BDD857BF-9CCD-497E-9F8B-07688943720E}"
EndProject
Project("{9A19103F-16F7-4668-BE54-9A1E7A4F7556}") = "CovidReader.Repository", "src\models\CovidReader.Repository\CovidReader.Repository.csproj", "{2E6EA081-B81A-4D55-8B34-7DAF58647185}"
EndProject
Project("{9A19103F-16F7-4668-BE54-9A1E7A4F7556}") = "CovidReader.Core", "src\controllers\CovidReader.Core\CovidReader.Core.csproj", "{E7F83274-3D44-4B06-A0CA-493AAB285D2E}"
EndProject
Project("{9A19103F-16F7-4668-BE54-9A1E7A4F7556}") = "CovidReader.Windows", "app\CovidReader.Windows\CovidReader.Windows.csproj", "{0A39F21A-CA26-4992-82BA-0628966CE847}"
EndProject
Project("{9A19103F-16F7-4668-BE54-9A1E7A4F7556}") = "CovidReader.WebApi", "src\api\CovidReader.WebApi\CovidReader.WebApi.csproj", "{515D9086-7BED-423E-859C-C48537B35313}"
EndProject
Project("{9A19103F-16F7-4668-BE54-9A1E7A4F7556}") = "CovidReader.Repository.Covid19", "src\models\CovidReader.Repository.Covid19\CovidReader.Repository.Covid19.csproj", "{1AB1F34B-F60E-456A-B2FC-158A0F12E05E}"
EndProject
Project("{9A19103F-16F7-4668-BE54-9A1E7A4F7556}") = "CovidReader.Repository.Api", "src\models\CovidReader.Repository.Api\CovidReader.Repository.Api.csproj", "{4E2E456D-B843-41C6-A5DF-8E931876DC1C}"
EndProject
Project("{9A19103F-16F7-4668-BE54-9A1E7A4F7556}") = "CovidReader.Repository.Google", "src\models\CovidReader.Repository.Google\CovidReader.Repository.Google.csproj", "{DBDD477F-B107-465D-8E03-0ED9B69F1AF2}"
EndProject
Project("{2150E333-8FDC-42A3-9474-1A3956D46DE8}") = "tests", "tests", "{DB2FD42B-EA82-45CD-9EEF-49E7078A1191}"
EndProject
Project("{2150E333-8FDC-42A3-9474-1A3956D46DE8}") = "models", "models", "{4DACA4B7-3523-45AF-9FD6-97A73C06D868}"
EndProject
Project("{2150E333-8FDC-42A3-9474-1A3956D46DE8}") = "controllers", "controllers", "{7A04886A-B0CC-426E-AFBA-4B0AF459F5C9}"
EndProject
Project("{2150E333-8FDC-42A3-9474-1A3956D46DE8}") = "views", "views", "{BB1B125B-BC45-470B-AF89-EA0E2728D991}"
EndProject
Project("{9A19103F-16F7-4668-BE54-9A1E7A4F7556}") = "CovidReader.Test", "tests\CovidReader.Test\CovidReader.Test.csproj", "{68F3549F-9451-44DF-B2EC-8D963AD1AE09}"
EndProject
Project("{9A19103F-16F7-4668-BE54-9A1E7A4F7556}") = "CovidReader.Controllers", "src\controllers\CovidReader.Controllers\CovidReader.Controllers.csproj", "{4BB8D4C8-4E03-4CA1-95BD-F97984C2937E}"
EndProject
Project("{9A19103F-16F7-4668-BE54-9A1E7A4F7556}") = "CovidReader.Repository.Settings", "src\models\CovidReader.Repository.Settings\CovidReader.Repository.Settings.csproj", "{9F0E211B-DD81-42B4-89C3-865B4F7D22A5}"
EndProject
Project("{2150E333-8FDC-42A3-9474-1A3956D46DE8}") = "api", "api", "{52739B30-A5F8-4094-BFCF-B3B4B4198FCE}"
EndProject
Project("{2150E333-8FDC-42A3-9474-1A3956D46DE8}") = "app", "app", "{FD539BBA-68BF-4744-BD47-D6834C24BA89}"
EndProject
Project("{9A19103F-16F7-4668-BE54-9A1E7A4F7556}") = "CovidReader.Api", "src\api\CovidReader.Api\CovidReader.Api.csproj", "{016A84A9-C597-4482-86AA-9C3C2D4E7361}"
EndProject
Project("{9A19103F-16F7-4668-BE54-9A1E7A4F7556}") = "CovidReader.Log", "src\controllers\CovidReader.Log\CovidReader.Log.csproj", "{6E70BBC3-195C-4E43-B93E-94768E59D3EF}"
EndProject
Project("{9A19103F-16F7-4668-BE54-9A1E7A4F7556}") = "CovidReader.Infrastructure.Wpf", "src\views\CovidReader.Infrastructure.Wpf\CovidReader.Infrastructure.Wpf.csproj", "{AB9648FB-EB93-49B6-922C-AE08AB8ADF61}"
EndProject
Project("{2150E333-8FDC-42A3-9474-1A3956D46DE8}") = "solution_items", "solution_items", "{1A9DEF3A-E9FC-4ADC-BE27-28242CAD7449}"
	ProjectSection(SolutionItems) = preProject
		README.md = README.md
	EndProjectSection
EndProject
Project("{2150E333-8FDC-42A3-9474-1A3956D46DE8}") = "builds", "builds", "{1B524C26-CBB0-4645-B8C3-CD7658FDF3D7}"
EndProject
Project("{7CF6DF6D-3B04-46F8-A40B-537D21BCA0B4}") = "CovidReader.Document", "helps\CovidReader.Document\CovidReader.Document.shfbproj", "{FB41A66A-2ED0-47F0-8403-5C4A943C0C93}"
EndProject
Project("{9A19103F-16F7-4668-BE54-9A1E7A4F7556}") = "CovidReader.Infrastructure", "src\views\CovidReader.Infrastructure\CovidReader.Infrastructure.csproj", "{CAE9DC5A-0034-456A-A1C2-4F272F9555F7}"
EndProject
Project("{2150E333-8FDC-42A3-9474-1A3956D46DE8}") = "helps", "helps", "{D50393EF-96F9-4DFB-A18F-14B9D20DEA89}"
EndProject
Project("{54435603-DBB4-11D2-8724-00A0C9A8B90C}") = "CovidReader.Setup", "builds\CovidReader.Setup\CovidReader.Setup.vdproj", "{D96EBCDE-7752-4F24-83B5-10A0E5E19A53}"
EndProject
Project("{2150E333-8FDC-42A3-9474-1A3956D46DE8}") = "src", "src", "{ACFDCCD3-62BC-4BBE-B933-E8634F540D4B}"
EndProject
Project("{9A19103F-16F7-4668-BE54-9A1E7A4F7556}") = "CovidReader.Web", "app\CovidReader.Web\CovidReader.Web.csproj", "{F483C169-4213-4F49-A658-315BF552454D}"
EndProject
Project("{9A19103F-16F7-4668-BE54-9A1E7A4F7556}") = "CovidReader.Plugins", "src\controllers\CovidReader.Plugins\CovidReader.Plugins.csproj", "{04495776-F4D5-4D43-9376-ADAF570307D7}"
EndProject
Global
	GlobalSection(SolutionConfigurationPlatforms) = preSolution
		Debug|Any CPU = Debug|Any CPU
		Release|Any CPU = Release|Any CPU
	EndGlobalSection
	GlobalSection(ProjectConfigurationPlatforms) = postSolution
		{2EE7D6E5-FF4A-4839-BC96-1B1EADD6D93E}.Debug|Any CPU.ActiveCfg = Debug|Any CPU
		{2EE7D6E5-FF4A-4839-BC96-1B1EADD6D93E}.Debug|Any CPU.Build.0 = Debug|Any CPU
		{2EE7D6E5-FF4A-4839-BC96-1B1EADD6D93E}.Release|Any CPU.ActiveCfg = Release|Any CPU
		{2EE7D6E5-FF4A-4839-BC96-1B1EADD6D93E}.Release|Any CPU.Build.0 = Release|Any CPU
		{BDD857BF-9CCD-497E-9F8B-07688943720E}.Debug|Any CPU.ActiveCfg = Debug|Any CPU
		{BDD857BF-9CCD-497E-9F8B-07688943720E}.Debug|Any CPU.Build.0 = Debug|Any CPU
		{BDD857BF-9CCD-497E-9F8B-07688943720E}.Release|Any CPU.ActiveCfg = Release|Any CPU
		{BDD857BF-9CCD-497E-9F8B-07688943720E}.Release|Any CPU.Build.0 = Release|Any CPU
		{2E6EA081-B81A-4D55-8B34-7DAF58647185}.Debug|Any CPU.ActiveCfg = Debug|Any CPU
		{2E6EA081-B81A-4D55-8B34-7DAF58647185}.Debug|Any CPU.Build.0 = Debug|Any CPU
		{2E6EA081-B81A-4D55-8B34-7DAF58647185}.Release|Any CPU.ActiveCfg = Release|Any CPU
		{2E6EA081-B81A-4D55-8B34-7DAF58647185}.Release|Any CPU.Build.0 = Release|Any CPU
		{E7F83274-3D44-4B06-A0CA-493AAB285D2E}.Debug|Any CPU.ActiveCfg = Debug|Any CPU
		{E7F83274-3D44-4B06-A0CA-493AAB285D2E}.Debug|Any CPU.Build.0 = Debug|Any CPU
		{E7F83274-3D44-4B06-A0CA-493AAB285D2E}.Release|Any CPU.ActiveCfg = Release|Any CPU
		{E7F83274-3D44-4B06-A0CA-493AAB285D2E}.Release|Any CPU.Build.0 = Release|Any CPU
		{0A39F21A-CA26-4992-82BA-0628966CE847}.Debug|Any CPU.ActiveCfg = Debug|Any CPU
		{0A39F21A-CA26-4992-82BA-0628966CE847}.Debug|Any CPU.Build.0 = Debug|Any CPU
		{0A39F21A-CA26-4992-82BA-0628966CE847}.Release|Any CPU.ActiveCfg = Release|Any CPU
		{0A39F21A-CA26-4992-82BA-0628966CE847}.Release|Any CPU.Build.0 = Release|Any CPU
		{515D9086-7BED-423E-859C-C48537B35313}.Debug|Any CPU.ActiveCfg = Debug|Any CPU
		{515D9086-7BED-423E-859C-C48537B35313}.Debug|Any CPU.Build.0 = Debug|Any CPU
		{515D9086-7BED-423E-859C-C48537B35313}.Release|Any CPU.ActiveCfg = Release|Any CPU
		{515D9086-7BED-423E-859C-C48537B35313}.Release|Any CPU.Build.0 = Release|Any CPU
		{1AB1F34B-F60E-456A-B2FC-158A0F12E05E}.Debug|Any CPU.ActiveCfg = Debug|Any CPU
		{1AB1F34B-F60E-456A-B2FC-158A0F12E05E}.Debug|Any CPU.Build.0 = Debug|Any CPU
		{1AB1F34B-F60E-456A-B2FC-158A0F12E05E}.Release|Any CPU.ActiveCfg = Release|Any CPU
		{1AB1F34B-F60E-456A-B2FC-158A0F12E05E}.Release|Any CPU.Build.0 = Release|Any CPU
		{4E2E456D-B843-41C6-A5DF-8E931876DC1C}.Debug|Any CPU.ActiveCfg = Debug|Any CPU
		{4E2E456D-B843-41C6-A5DF-8E931876DC1C}.Debug|Any CPU.Build.0 = Debug|Any CPU
		{4E2E456D-B843-41C6-A5DF-8E931876DC1C}.Release|Any CPU.ActiveCfg = Release|Any CPU
		{4E2E456D-B843-41C6-A5DF-8E931876DC1C}.Release|Any CPU.Build.0 = Release|Any CPU
		{DBDD477F-B107-465D-8E03-0ED9B69F1AF2}.Debug|Any CPU.ActiveCfg = Debug|Any CPU
		{DBDD477F-B107-465D-8E03-0ED9B69F1AF2}.Debug|Any CPU.Build.0 = Debug|Any CPU
		{DBDD477F-B107-465D-8E03-0ED9B69F1AF2}.Release|Any CPU.ActiveCfg = Release|Any CPU
		{DBDD477F-B107-465D-8E03-0ED9B69F1AF2}.Release|Any CPU.Build.0 = Release|Any CPU
		{68F3549F-9451-44DF-B2EC-8D963AD1AE09}.Debug|Any CPU.ActiveCfg = Debug|Any CPU
		{68F3549F-9451-44DF-B2EC-8D963AD1AE09}.Debug|Any CPU.Build.0 = Debug|Any CPU
		{68F3549F-9451-44DF-B2EC-8D963AD1AE09}.Release|Any CPU.ActiveCfg = Release|Any CPU
		{68F3549F-9451-44DF-B2EC-8D963AD1AE09}.Release|Any CPU.Build.0 = Release|Any CPU
		{4BB8D4C8-4E03-4CA1-95BD-F97984C2937E}.Debug|Any CPU.ActiveCfg = Debug|Any CPU
		{4BB8D4C8-4E03-4CA1-95BD-F97984C2937E}.Debug|Any CPU.Build.0 = Debug|Any CPU
		{4BB8D4C8-4E03-4CA1-95BD-F97984C2937E}.Release|Any CPU.ActiveCfg = Release|Any CPU
		{4BB8D4C8-4E03-4CA1-95BD-F97984C2937E}.Release|Any CPU.Build.0 = Release|Any CPU
		{9F0E211B-DD81-42B4-89C3-865B4F7D22A5}.Debug|Any CPU.ActiveCfg = Debug|Any CPU
		{9F0E211B-DD81-42B4-89C3-865B4F7D22A5}.Debug|Any CPU.Build.0 = Debug|Any CPU
		{9F0E211B-DD81-42B4-89C3-865B4F7D22A5}.Release|Any CPU.ActiveCfg = Release|Any CPU
		{9F0E211B-DD81-42B4-89C3-865B4F7D22A5}.Release|Any CPU.Build.0 = Release|Any CPU
		{016A84A9-C597-4482-86AA-9C3C2D4E7361}.Debug|Any CPU.ActiveCfg = Debug|Any CPU
		{016A84A9-C597-4482-86AA-9C3C2D4E7361}.Debug|Any CPU.Build.0 = Debug|Any CPU
		{016A84A9-C597-4482-86AA-9C3C2D4E7361}.Release|Any CPU.ActiveCfg = Release|Any CPU
		{016A84A9-C597-4482-86AA-9C3C2D4E7361}.Release|Any CPU.Build.0 = Release|Any CPU
		{6E70BBC3-195C-4E43-B93E-94768E59D3EF}.Debug|Any CPU.ActiveCfg = Debug|Any CPU
		{6E70BBC3-195C-4E43-B93E-94768E59D3EF}.Debug|Any CPU.Build.0 = Debug|Any CPU
		{6E70BBC3-195C-4E43-B93E-94768E59D3EF}.Release|Any CPU.ActiveCfg = Release|Any CPU
		{6E70BBC3-195C-4E43-B93E-94768E59D3EF}.Release|Any CPU.Build.0 = Release|Any CPU
		{AB9648FB-EB93-49B6-922C-AE08AB8ADF61}.Debug|Any CPU.ActiveCfg = Debug|Any CPU
		{AB9648FB-EB93-49B6-922C-AE08AB8ADF61}.Debug|Any CPU.Build.0 = Debug|Any CPU
		{AB9648FB-EB93-49B6-922C-AE08AB8ADF61}.Release|Any CPU.ActiveCfg = Release|Any CPU
		{AB9648FB-EB93-49B6-922C-AE08AB8ADF61}.Release|Any CPU.Build.0 = Release|Any CPU
		{FB41A66A-2ED0-47F0-8403-5C4A943C0C93}.Debug|Any CPU.ActiveCfg = Debug|Any CPU
		{FB41A66A-2ED0-47F0-8403-5C4A943C0C93}.Debug|Any CPU.Build.0 = Debug|Any CPU
		{FB41A66A-2ED0-47F0-8403-5C4A943C0C93}.Release|Any CPU.ActiveCfg = Release|Any CPU
		{FB41A66A-2ED0-47F0-8403-5C4A943C0C93}.Release|Any CPU.Build.0 = Release|Any CPU
		{CAE9DC5A-0034-456A-A1C2-4F272F9555F7}.Debug|Any CPU.ActiveCfg = Debug|Any CPU
		{CAE9DC5A-0034-456A-A1C2-4F272F9555F7}.Debug|Any CPU.Build.0 = Debug|Any CPU
		{CAE9DC5A-0034-456A-A1C2-4F272F9555F7}.Release|Any CPU.ActiveCfg = Release|Any CPU
		{CAE9DC5A-0034-456A-A1C2-4F272F9555F7}.Release|Any CPU.Build.0 = Release|Any CPU
		{D96EBCDE-7752-4F24-83B5-10A0E5E19A53}.Debug|Any CPU.ActiveCfg = Debug
		{D96EBCDE-7752-4F24-83B5-10A0E5E19A53}.Release|Any CPU.ActiveCfg = Release
		{F483C169-4213-4F49-A658-315BF552454D}.Debug|Any CPU.ActiveCfg = Debug|Any CPU
		{F483C169-4213-4F49-A658-315BF552454D}.Debug|Any CPU.Build.0 = Debug|Any CPU
		{F483C169-4213-4F49-A658-315BF552454D}.Release|Any CPU.ActiveCfg = Release|Any CPU
		{F483C169-4213-4F49-A658-315BF552454D}.Release|Any CPU.Build.0 = Release|Any CPU
		{04495776-F4D5-4D43-9376-ADAF570307D7}.Debug|Any CPU.ActiveCfg = Debug|Any CPU
		{04495776-F4D5-4D43-9376-ADAF570307D7}.Debug|Any CPU.Build.0 = Debug|Any CPU
		{04495776-F4D5-4D43-9376-ADAF570307D7}.Release|Any CPU.ActiveCfg = Release|Any CPU
		{04495776-F4D5-4D43-9376-ADAF570307D7}.Release|Any CPU.Build.0 = Release|Any CPU
	EndGlobalSection
	GlobalSection(SolutionProperties) = preSolution
		HideSolutionNode = FALSE
	EndGlobalSection
	GlobalSection(NestedProjects) = preSolution
		{2EE7D6E5-FF4A-4839-BC96-1B1EADD6D93E} = {FD539BBA-68BF-4744-BD47-D6834C24BA89}
		{BDD857BF-9CCD-497E-9F8B-07688943720E} = {4DACA4B7-3523-45AF-9FD6-97A73C06D868}
		{2E6EA081-B81A-4D55-8B34-7DAF58647185} = {4DACA4B7-3523-45AF-9FD6-97A73C06D868}
		{E7F83274-3D44-4B06-A0CA-493AAB285D2E} = {7A04886A-B0CC-426E-AFBA-4B0AF459F5C9}
		{0A39F21A-CA26-4992-82BA-0628966CE847} = {FD539BBA-68BF-4744-BD47-D6834C24BA89}
		{515D9086-7BED-423E-859C-C48537B35313} = {52739B30-A5F8-4094-BFCF-B3B4B4198FCE}
		{1AB1F34B-F60E-456A-B2FC-158A0F12E05E} = {4DACA4B7-3523-45AF-9FD6-97A73C06D868}
		{4E2E456D-B843-41C6-A5DF-8E931876DC1C} = {4DACA4B7-3523-45AF-9FD6-97A73C06D868}
		{DBDD477F-B107-465D-8E03-0ED9B69F1AF2} = {4DACA4B7-3523-45AF-9FD6-97A73C06D868}
		{4DACA4B7-3523-45AF-9FD6-97A73C06D868} = {ACFDCCD3-62BC-4BBE-B933-E8634F540D4B}
		{7A04886A-B0CC-426E-AFBA-4B0AF459F5C9} = {ACFDCCD3-62BC-4BBE-B933-E8634F540D4B}
		{BB1B125B-BC45-470B-AF89-EA0E2728D991} = {ACFDCCD3-62BC-4BBE-B933-E8634F540D4B}
		{68F3549F-9451-44DF-B2EC-8D963AD1AE09} = {DB2FD42B-EA82-45CD-9EEF-49E7078A1191}
		{4BB8D4C8-4E03-4CA1-95BD-F97984C2937E} = {7A04886A-B0CC-426E-AFBA-4B0AF459F5C9}
		{9F0E211B-DD81-42B4-89C3-865B4F7D22A5} = {4DACA4B7-3523-45AF-9FD6-97A73C06D868}
		{52739B30-A5F8-4094-BFCF-B3B4B4198FCE} = {ACFDCCD3-62BC-4BBE-B933-E8634F540D4B}
		{016A84A9-C597-4482-86AA-9C3C2D4E7361} = {52739B30-A5F8-4094-BFCF-B3B4B4198FCE}
		{6E70BBC3-195C-4E43-B93E-94768E59D3EF} = {7A04886A-B0CC-426E-AFBA-4B0AF459F5C9}
		{AB9648FB-EB93-49B6-922C-AE08AB8ADF61} = {BB1B125B-BC45-470B-AF89-EA0E2728D991}
		{FB41A66A-2ED0-47F0-8403-5C4A943C0C93} = {D50393EF-96F9-4DFB-A18F-14B9D20DEA89}
		{CAE9DC5A-0034-456A-A1C2-4F272F9555F7} = {BB1B125B-BC45-470B-AF89-EA0E2728D991}
		{D96EBCDE-7752-4F24-83B5-10A0E5E19A53} = {1B524C26-CBB0-4645-B8C3-CD7658FDF3D7}
		{F483C169-4213-4F49-A658-315BF552454D} = {FD539BBA-68BF-4744-BD47-D6834C24BA89}
		{04495776-F4D5-4D43-9376-ADAF570307D7} = {7A04886A-B0CC-426E-AFBA-4B0AF459F5C9}
	EndGlobalSection
	GlobalSection(ExtensibilityGlobals) = postSolution
		SolutionGuid = {50888AA3-00A5-4824-B3E4-46D306A26516}
	EndGlobalSection
EndGlobal
