
Microsoft Visual Studio Solution File, Format Version 12.00
# Visual Studio Version 16
VisualStudioVersion = 16.0.31515.178
MinimumVisualStudioVersion = 10.0.40219.1
Project("{9A19103F-16F7-4668-BE54-9A1E7A4F7556}") = "CovidReader", "app\CovidReader\CovidReader.csproj", "{2EE7D6E5-FF4A-4839-BC96-1B1EADD6D93E}"
EndProject
Project("{9A19103F-16F7-4668-BE54-9A1E7A4F7556}") = "CovidReader.Models", "src\domains\CovidReader.Models\CovidReader.Models.csproj", "{BDD857BF-9CCD-497E-9F8B-07688943720E}"
EndProject
Project("{9A19103F-16F7-4668-BE54-9A1E7A4F7556}") = "CovidReader.Repository", "src\domains\CovidReader.Repository\CovidReader.Repository.csproj", "{2E6EA081-B81A-4D55-8B34-7DAF58647185}"
EndProject
Project("{9A19103F-16F7-4668-BE54-9A1E7A4F7556}") = "CovidReader.Service", "src\applications\CovidReader.Service\CovidReader.Service.csproj", "{E7F83274-3D44-4B06-A0CA-493AAB285D2E}"
EndProject
Project("{9A19103F-16F7-4668-BE54-9A1E7A4F7556}") = "CovidReader.Windows", "app\CovidReader.Windows\CovidReader.Windows.csproj", "{0A39F21A-CA26-4992-82BA-0628966CE847}"
EndProject
Project("{9A19103F-16F7-4668-BE54-9A1E7A4F7556}") = "CovidReader.WebApi", "api\CovidReader.WebApi\CovidReader.WebApi.csproj", "{515D9086-7BED-423E-859C-C48537B35313}"
EndProject
Project("{9A19103F-16F7-4668-BE54-9A1E7A4F7556}") = "CovidReader.Repository.Covid19", "src\domains\CovidReader.Repository.Covid19\CovidReader.Repository.Covid19.csproj", "{1AB1F34B-F60E-456A-B2FC-158A0F12E05E}"
EndProject
Project("{9A19103F-16F7-4668-BE54-9A1E7A4F7556}") = "CovidReader.Repository.Api", "src\domains\CovidReader.Repository.Api\CovidReader.Repository.Api.csproj", "{4E2E456D-B843-41C6-A5DF-8E931876DC1C}"
EndProject
Project("{2150E333-8FDC-42A3-9474-1A3956D46DE8}") = "domains", "domains", "{4DACA4B7-3523-45AF-9FD6-97A73C06D868}"
EndProject
Project("{2150E333-8FDC-42A3-9474-1A3956D46DE8}") = "applications", "applications", "{7A04886A-B0CC-426E-AFBA-4B0AF459F5C9}"
EndProject
Project("{9A19103F-16F7-4668-BE54-9A1E7A4F7556}") = "CovidReader.Service.Test", "src\applications\CovidReader.Service.Test\CovidReader.Service.Test.csproj", "{68F3549F-9451-44DF-B2EC-8D963AD1AE09}"
EndProject
Project("{9A19103F-16F7-4668-BE54-9A1E7A4F7556}") = "CovidReader.UseCases", "src\applications\CovidReader.UseCases\CovidReader.UseCases.csproj", "{4BB8D4C8-4E03-4CA1-95BD-F97984C2937E}"
EndProject
Project("{9A19103F-16F7-4668-BE54-9A1E7A4F7556}") = "CovidReader.Repository.Settings", "src\domains\CovidReader.Repository.Settings\CovidReader.Repository.Settings.csproj", "{9F0E211B-DD81-42B4-89C3-865B4F7D22A5}"
EndProject
Project("{2150E333-8FDC-42A3-9474-1A3956D46DE8}") = "api", "api", "{52739B30-A5F8-4094-BFCF-B3B4B4198FCE}"
EndProject
Project("{2150E333-8FDC-42A3-9474-1A3956D46DE8}") = "app", "app", "{FD539BBA-68BF-4744-BD47-D6834C24BA89}"
EndProject
Project("{9A19103F-16F7-4668-BE54-9A1E7A4F7556}") = "CovidReader.Api", "api\CovidReader.Api\CovidReader.Api.csproj", "{016A84A9-C597-4482-86AA-9C3C2D4E7361}"
EndProject
Project("{9A19103F-16F7-4668-BE54-9A1E7A4F7556}") = "CovidReader.ViewControls.Wpf", "src\infrastructures\CovidReader.ViewControls.Wpf\CovidReader.ViewControls.Wpf.csproj", "{AB9648FB-EB93-49B6-922C-AE08AB8ADF61}"
EndProject
Project("{2150E333-8FDC-42A3-9474-1A3956D46DE8}") = "solution_items", "solution_items", "{1A9DEF3A-E9FC-4ADC-BE27-28242CAD7449}"
	ProjectSection(SolutionItems) = preProject
		docs\Memo.md = docs\Memo.md
		README.md = README.md
	EndProjectSection
EndProject
Project("{9A19103F-16F7-4668-BE54-9A1E7A4F7556}") = "CovidReader.ViewControls", "src\infrastructures\CovidReader.ViewControls\CovidReader.ViewControls.csproj", "{CAE9DC5A-0034-456A-A1C2-4F272F9555F7}"
EndProject
Project("{2150E333-8FDC-42A3-9474-1A3956D46DE8}") = "src", "src", "{ACFDCCD3-62BC-4BBE-B933-E8634F540D4B}"
EndProject
Project("{9A19103F-16F7-4668-BE54-9A1E7A4F7556}") = "CovidReader.Web", "app\CovidReader.Web\CovidReader.Web.csproj", "{F483C169-4213-4F49-A658-315BF552454D}"
EndProject
Project("{9A19103F-16F7-4668-BE54-9A1E7A4F7556}") = "CovidReader.Service.Api", "src\applications\CovidReader.Service.Api\CovidReader.Service.Api.csproj", "{5E721E5A-C5B6-4FEF-8645-D7A39E7E0753}"
EndProject
Project("{9A19103F-16F7-4668-BE54-9A1E7A4F7556}") = "CovidReader.UseCases.Implement", "src\applications\CovidReader.UseCases.Implement\CovidReader.UseCases.Implement.csproj", "{E3E2B19A-9B6C-4AF3-B096-E1BFD43261C8}"
EndProject
Project("{9A19103F-16F7-4668-BE54-9A1E7A4F7556}") = "CovidReader.Plugins.Log", "src\applications\CovidReader.Plugins.Log\CovidReader.Plugins.Log.csproj", "{A367C43A-2E35-402C-AC1D-BCA07A25C7FF}"
EndProject
Project("{9A19103F-16F7-4668-BE54-9A1E7A4F7556}") = "CovidReader.Plugins", "src\applications\CovidReader.Plugins\CovidReader.Plugins.csproj", "{0A683DA5-394A-4CA9-86C3-E09B180ADE70}"
EndProject
Project("{9A19103F-16F7-4668-BE54-9A1E7A4F7556}") = "CovidReader.Service.Covid19", "src\applications\CovidReader.Service.Covid19\CovidReader.Service.Covid19.csproj", "{A8BF286F-5193-4690-AC8C-D73073C768A8}"
EndProject
Project("{9A19103F-16F7-4668-BE54-9A1E7A4F7556}") = "CovidReader.Utilities", "src\infrastructures\CovidReader.Utilities\CovidReader.Utilities.csproj", "{F4AE5484-763D-4384-9B29-A924702F0A64}"
EndProject
Project("{2150E333-8FDC-42A3-9474-1A3956D46DE8}") = "infrastructures", "infrastructures", "{648BFF33-E6E6-46EF-B4F7-ED9ABAA70EA7}"
EndProject
Project("{2150E333-8FDC-42A3-9474-1A3956D46DE8}") = "presentations", "presentations", "{0B6BA8F8-5EFB-425F-B0E9-994C2BD2A4E6}"
EndProject
Project("{9A19103F-16F7-4668-BE54-9A1E7A4F7556}") = "CovidReader.Windows.Views", "src\presentations\CovidReader.Windows.Views\CovidReader.Windows.Views.csproj", "{E5C798A5-0F3F-4080-B8D8-D2B7C344E6F5}"
EndProject
Project("{9A19103F-16F7-4668-BE54-9A1E7A4F7556}") = "CovidReader.ViewStyles.Wpf", "src\infrastructures\CovidReader.ViewStyles.Wpf\CovidReader.ViewStyles.Wpf.csproj", "{602DB481-C107-49EA-8C2F-CBA80872DF60}"
EndProject
Project("{9A19103F-16F7-4668-BE54-9A1E7A4F7556}") = "CovidReader.Windows.ViewModels", "src\presentations\CovidReader.Windows.ViewModels\CovidReader.Windows.ViewModels.csproj", "{73852DC0-9FDC-4848-BFC8-70349541CB63}"
EndProject
Project("{FAE04EC0-301F-11D3-BF4B-00C04F79EFBC}") = "CovidReader.Windows.ViewUtility", "src\presentations\CovidReader.Windows.ViewUtility\CovidReader.Windows.ViewUtility.csproj", "{5144AC52-F4A4-47D9-BCF7-0E825FD7870A}"
EndProject
Global
	GlobalSection(SolutionConfigurationPlatforms) = preSolution
		Debug|Any CPU = Debug|Any CPU
		Release|Any CPU = Release|Any CPU
	EndGlobalSection
	GlobalSection(ProjectConfigurationPlatforms) = postSolution
		{2EE7D6E5-FF4A-4839-BC96-1B1EADD6D93E}.Debug|Any CPU.ActiveCfg = Debug|Any CPU
		{2EE7D6E5-FF4A-4839-BC96-1B1EADD6D93E}.Debug|Any CPU.Build.0 = Debug|Any CPU
		{2EE7D6E5-FF4A-4839-BC96-1B1EADD6D93E}.Release|Any CPU.ActiveCfg = Release|Any CPU
		{2EE7D6E5-FF4A-4839-BC96-1B1EADD6D93E}.Release|Any CPU.Build.0 = Release|Any CPU
		{BDD857BF-9CCD-497E-9F8B-07688943720E}.Debug|Any CPU.ActiveCfg = Debug|Any CPU
		{BDD857BF-9CCD-497E-9F8B-07688943720E}.Debug|Any CPU.Build.0 = Debug|Any CPU
		{BDD857BF-9CCD-497E-9F8B-07688943720E}.Release|Any CPU.ActiveCfg = Release|Any CPU
		{BDD857BF-9CCD-497E-9F8B-07688943720E}.Release|Any CPU.Build.0 = Release|Any CPU
		{2E6EA081-B81A-4D55-8B34-7DAF58647185}.Debug|Any CPU.ActiveCfg = Debug|Any CPU
		{2E6EA081-B81A-4D55-8B34-7DAF58647185}.Debug|Any CPU.Build.0 = Debug|Any CPU
		{2E6EA081-B81A-4D55-8B34-7DAF58647185}.Release|Any CPU.ActiveCfg = Release|Any CPU
		{2E6EA081-B81A-4D55-8B34-7DAF58647185}.Release|Any CPU.Build.0 = Release|Any CPU
		{E7F83274-3D44-4B06-A0CA-493AAB285D2E}.Debug|Any CPU.ActiveCfg = Debug|Any CPU
		{E7F83274-3D44-4B06-A0CA-493AAB285D2E}.Debug|Any CPU.Build.0 = Debug|Any CPU
		{E7F83274-3D44-4B06-A0CA-493AAB285D2E}.Release|Any CPU.ActiveCfg = Release|Any CPU
		{E7F83274-3D44-4B06-A0CA-493AAB285D2E}.Release|Any CPU.Build.0 = Release|Any CPU
		{0A39F21A-CA26-4992-82BA-0628966CE847}.Debug|Any CPU.ActiveCfg = Debug|Any CPU
		{0A39F21A-CA26-4992-82BA-0628966CE847}.Debug|Any CPU.Build.0 = Debug|Any CPU
		{0A39F21A-CA26-4992-82BA-0628966CE847}.Release|Any CPU.ActiveCfg = Release|Any CPU
		{0A39F21A-CA26-4992-82BA-0628966CE847}.Release|Any CPU.Build.0 = Release|Any CPU
		{515D9086-7BED-423E-859C-C48537B35313}.Debug|Any CPU.ActiveCfg = Debug|Any CPU
		{515D9086-7BED-423E-859C-C48537B35313}.Debug|Any CPU.Build.0 = Debug|Any CPU
		{515D9086-7BED-423E-859C-C48537B35313}.Release|Any CPU.ActiveCfg = Release|Any CPU
		{515D9086-7BED-423E-859C-C48537B35313}.Release|Any CPU.Build.0 = Release|Any CPU
		{1AB1F34B-F60E-456A-B2FC-158A0F12E05E}.Debug|Any CPU.ActiveCfg = Debug|Any CPU
		{1AB1F34B-F60E-456A-B2FC-158A0F12E05E}.Debug|Any CPU.Build.0 = Debug|Any CPU
		{1AB1F34B-F60E-456A-B2FC-158A0F12E05E}.Release|Any CPU.ActiveCfg = Release|Any CPU
		{1AB1F34B-F60E-456A-B2FC-158A0F12E05E}.Release|Any CPU.Build.0 = Release|Any CPU
		{4E2E456D-B843-41C6-A5DF-8E931876DC1C}.Debug|Any CPU.ActiveCfg = Debug|Any CPU
		{4E2E456D-B843-41C6-A5DF-8E931876DC1C}.Debug|Any CPU.Build.0 = Debug|Any CPU
		{4E2E456D-B843-41C6-A5DF-8E931876DC1C}.Release|Any CPU.ActiveCfg = Release|Any CPU
		{4E2E456D-B843-41C6-A5DF-8E931876DC1C}.Release|Any CPU.Build.0 = Release|Any CPU
		{68F3549F-9451-44DF-B2EC-8D963AD1AE09}.Debug|Any CPU.ActiveCfg = Debug|Any CPU
		{68F3549F-9451-44DF-B2EC-8D963AD1AE09}.Debug|Any CPU.Build.0 = Debug|Any CPU
		{68F3549F-9451-44DF-B2EC-8D963AD1AE09}.Release|Any CPU.ActiveCfg = Release|Any CPU
		{68F3549F-9451-44DF-B2EC-8D963AD1AE09}.Release|Any CPU.Build.0 = Release|Any CPU
		{4BB8D4C8-4E03-4CA1-95BD-F97984C2937E}.Debug|Any CPU.ActiveCfg = Debug|Any CPU
		{4BB8D4C8-4E03-4CA1-95BD-F97984C2937E}.Debug|Any CPU.Build.0 = Debug|Any CPU
		{4BB8D4C8-4E03-4CA1-95BD-F97984C2937E}.Release|Any CPU.ActiveCfg = Release|Any CPU
		{4BB8D4C8-4E03-4CA1-95BD-F97984C2937E}.Release|Any CPU.Build.0 = Release|Any CPU
		{9F0E211B-DD81-42B4-89C3-865B4F7D22A5}.Debug|Any CPU.ActiveCfg = Debug|Any CPU
		{9F0E211B-DD81-42B4-89C3-865B4F7D22A5}.Debug|Any CPU.Build.0 = Debug|Any CPU
		{9F0E211B-DD81-42B4-89C3-865B4F7D22A5}.Release|Any CPU.ActiveCfg = Release|Any CPU
		{9F0E211B-DD81-42B4-89C3-865B4F7D22A5}.Release|Any CPU.Build.0 = Release|Any CPU
		{016A84A9-C597-4482-86AA-9C3C2D4E7361}.Debug|Any CPU.ActiveCfg = Debug|Any CPU
		{016A84A9-C597-4482-86AA-9C3C2D4E7361}.Debug|Any CPU.Build.0 = Debug|Any CPU
		{016A84A9-C597-4482-86AA-9C3C2D4E7361}.Release|Any CPU.ActiveCfg = Release|Any CPU
		{016A84A9-C597-4482-86AA-9C3C2D4E7361}.Release|Any CPU.Build.0 = Release|Any CPU
		{AB9648FB-EB93-49B6-922C-AE08AB8ADF61}.Debug|Any CPU.ActiveCfg = Debug|Any CPU
		{AB9648FB-EB93-49B6-922C-AE08AB8ADF61}.Debug|Any CPU.Build.0 = Debug|Any CPU
		{AB9648FB-EB93-49B6-922C-AE08AB8ADF61}.Release|Any CPU.ActiveCfg = Release|Any CPU
		{AB9648FB-EB93-49B6-922C-AE08AB8ADF61}.Release|Any CPU.Build.0 = Release|Any CPU
		{CAE9DC5A-0034-456A-A1C2-4F272F9555F7}.Debug|Any CPU.ActiveCfg = Debug|Any CPU
		{CAE9DC5A-0034-456A-A1C2-4F272F9555F7}.Debug|Any CPU.Build.0 = Debug|Any CPU
		{CAE9DC5A-0034-456A-A1C2-4F272F9555F7}.Release|Any CPU.ActiveCfg = Release|Any CPU
		{CAE9DC5A-0034-456A-A1C2-4F272F9555F7}.Release|Any CPU.Build.0 = Release|Any CPU
		{F483C169-4213-4F49-A658-315BF552454D}.Debug|Any CPU.ActiveCfg = Debug|Any CPU
		{F483C169-4213-4F49-A658-315BF552454D}.Debug|Any CPU.Build.0 = Debug|Any CPU
		{F483C169-4213-4F49-A658-315BF552454D}.Release|Any CPU.ActiveCfg = Release|Any CPU
		{F483C169-4213-4F49-A658-315BF552454D}.Release|Any CPU.Build.0 = Release|Any CPU
		{5E721E5A-C5B6-4FEF-8645-D7A39E7E0753}.Debug|Any CPU.ActiveCfg = Debug|Any CPU
		{5E721E5A-C5B6-4FEF-8645-D7A39E7E0753}.Debug|Any CPU.Build.0 = Debug|Any CPU
		{5E721E5A-C5B6-4FEF-8645-D7A39E7E0753}.Release|Any CPU.ActiveCfg = Release|Any CPU
		{5E721E5A-C5B6-4FEF-8645-D7A39E7E0753}.Release|Any CPU.Build.0 = Release|Any CPU
		{E3E2B19A-9B6C-4AF3-B096-E1BFD43261C8}.Debug|Any CPU.ActiveCfg = Debug|Any CPU
		{E3E2B19A-9B6C-4AF3-B096-E1BFD43261C8}.Debug|Any CPU.Build.0 = Debug|Any CPU
		{E3E2B19A-9B6C-4AF3-B096-E1BFD43261C8}.Release|Any CPU.ActiveCfg = Release|Any CPU
		{E3E2B19A-9B6C-4AF3-B096-E1BFD43261C8}.Release|Any CPU.Build.0 = Release|Any CPU
		{A367C43A-2E35-402C-AC1D-BCA07A25C7FF}.Debug|Any CPU.ActiveCfg = Debug|Any CPU
		{A367C43A-2E35-402C-AC1D-BCA07A25C7FF}.Debug|Any CPU.Build.0 = Debug|Any CPU
		{A367C43A-2E35-402C-AC1D-BCA07A25C7FF}.Release|Any CPU.ActiveCfg = Release|Any CPU
		{A367C43A-2E35-402C-AC1D-BCA07A25C7FF}.Release|Any CPU.Build.0 = Release|Any CPU
		{0A683DA5-394A-4CA9-86C3-E09B180ADE70}.Debug|Any CPU.ActiveCfg = Debug|Any CPU
		{0A683DA5-394A-4CA9-86C3-E09B180ADE70}.Debug|Any CPU.Build.0 = Debug|Any CPU
		{0A683DA5-394A-4CA9-86C3-E09B180ADE70}.Release|Any CPU.ActiveCfg = Release|Any CPU
		{0A683DA5-394A-4CA9-86C3-E09B180ADE70}.Release|Any CPU.Build.0 = Release|Any CPU
		{A8BF286F-5193-4690-AC8C-D73073C768A8}.Debug|Any CPU.ActiveCfg = Debug|Any CPU
		{A8BF286F-5193-4690-AC8C-D73073C768A8}.Debug|Any CPU.Build.0 = Debug|Any CPU
		{A8BF286F-5193-4690-AC8C-D73073C768A8}.Release|Any CPU.ActiveCfg = Release|Any CPU
		{A8BF286F-5193-4690-AC8C-D73073C768A8}.Release|Any CPU.Build.0 = Release|Any CPU
		{F4AE5484-763D-4384-9B29-A924702F0A64}.Debug|Any CPU.ActiveCfg = Debug|Any CPU
		{F4AE5484-763D-4384-9B29-A924702F0A64}.Debug|Any CPU.Build.0 = Debug|Any CPU
		{F4AE5484-763D-4384-9B29-A924702F0A64}.Release|Any CPU.ActiveCfg = Release|Any CPU
		{F4AE5484-763D-4384-9B29-A924702F0A64}.Release|Any CPU.Build.0 = Release|Any CPU
		{E5C798A5-0F3F-4080-B8D8-D2B7C344E6F5}.Debug|Any CPU.ActiveCfg = Debug|Any CPU
		{E5C798A5-0F3F-4080-B8D8-D2B7C344E6F5}.Debug|Any CPU.Build.0 = Debug|Any CPU
		{E5C798A5-0F3F-4080-B8D8-D2B7C344E6F5}.Release|Any CPU.ActiveCfg = Release|Any CPU
		{E5C798A5-0F3F-4080-B8D8-D2B7C344E6F5}.Release|Any CPU.Build.0 = Release|Any CPU
		{602DB481-C107-49EA-8C2F-CBA80872DF60}.Debug|Any CPU.ActiveCfg = Debug|Any CPU
		{602DB481-C107-49EA-8C2F-CBA80872DF60}.Debug|Any CPU.Build.0 = Debug|Any CPU
		{602DB481-C107-49EA-8C2F-CBA80872DF60}.Release|Any CPU.ActiveCfg = Release|Any CPU
		{602DB481-C107-49EA-8C2F-CBA80872DF60}.Release|Any CPU.Build.0 = Release|Any CPU
		{73852DC0-9FDC-4848-BFC8-70349541CB63}.Debug|Any CPU.ActiveCfg = Debug|Any CPU
		{73852DC0-9FDC-4848-BFC8-70349541CB63}.Debug|Any CPU.Build.0 = Debug|Any CPU
		{73852DC0-9FDC-4848-BFC8-70349541CB63}.Release|Any CPU.ActiveCfg = Release|Any CPU
		{73852DC0-9FDC-4848-BFC8-70349541CB63}.Release|Any CPU.Build.0 = Release|Any CPU
		{5144AC52-F4A4-47D9-BCF7-0E825FD7870A}.Debug|Any CPU.ActiveCfg = Debug|Any CPU
		{5144AC52-F4A4-47D9-BCF7-0E825FD7870A}.Debug|Any CPU.Build.0 = Debug|Any CPU
		{5144AC52-F4A4-47D9-BCF7-0E825FD7870A}.Release|Any CPU.ActiveCfg = Release|Any CPU
		{5144AC52-F4A4-47D9-BCF7-0E825FD7870A}.Release|Any CPU.Build.0 = Release|Any CPU
	EndGlobalSection
	GlobalSection(SolutionProperties) = preSolution
		HideSolutionNode = FALSE
	EndGlobalSection
	GlobalSection(NestedProjects) = preSolution
		{2EE7D6E5-FF4A-4839-BC96-1B1EADD6D93E} = {FD539BBA-68BF-4744-BD47-D6834C24BA89}
		{BDD857BF-9CCD-497E-9F8B-07688943720E} = {4DACA4B7-3523-45AF-9FD6-97A73C06D868}
		{2E6EA081-B81A-4D55-8B34-7DAF58647185} = {4DACA4B7-3523-45AF-9FD6-97A73C06D868}
		{E7F83274-3D44-4B06-A0CA-493AAB285D2E} = {7A04886A-B0CC-426E-AFBA-4B0AF459F5C9}
		{0A39F21A-CA26-4992-82BA-0628966CE847} = {FD539BBA-68BF-4744-BD47-D6834C24BA89}
		{515D9086-7BED-423E-859C-C48537B35313} = {52739B30-A5F8-4094-BFCF-B3B4B4198FCE}
		{1AB1F34B-F60E-456A-B2FC-158A0F12E05E} = {4DACA4B7-3523-45AF-9FD6-97A73C06D868}
		{4E2E456D-B843-41C6-A5DF-8E931876DC1C} = {4DACA4B7-3523-45AF-9FD6-97A73C06D868}
		{4DACA4B7-3523-45AF-9FD6-97A73C06D868} = {ACFDCCD3-62BC-4BBE-B933-E8634F540D4B}
		{7A04886A-B0CC-426E-AFBA-4B0AF459F5C9} = {ACFDCCD3-62BC-4BBE-B933-E8634F540D4B}
		{68F3549F-9451-44DF-B2EC-8D963AD1AE09} = {7A04886A-B0CC-426E-AFBA-4B0AF459F5C9}
		{4BB8D4C8-4E03-4CA1-95BD-F97984C2937E} = {7A04886A-B0CC-426E-AFBA-4B0AF459F5C9}
		{9F0E211B-DD81-42B4-89C3-865B4F7D22A5} = {4DACA4B7-3523-45AF-9FD6-97A73C06D868}
		{016A84A9-C597-4482-86AA-9C3C2D4E7361} = {52739B30-A5F8-4094-BFCF-B3B4B4198FCE}
		{AB9648FB-EB93-49B6-922C-AE08AB8ADF61} = {648BFF33-E6E6-46EF-B4F7-ED9ABAA70EA7}
		{CAE9DC5A-0034-456A-A1C2-4F272F9555F7} = {648BFF33-E6E6-46EF-B4F7-ED9ABAA70EA7}
		{F483C169-4213-4F49-A658-315BF552454D} = {FD539BBA-68BF-4744-BD47-D6834C24BA89}
		{5E721E5A-C5B6-4FEF-8645-D7A39E7E0753} = {7A04886A-B0CC-426E-AFBA-4B0AF459F5C9}
		{E3E2B19A-9B6C-4AF3-B096-E1BFD43261C8} = {7A04886A-B0CC-426E-AFBA-4B0AF459F5C9}
		{A367C43A-2E35-402C-AC1D-BCA07A25C7FF} = {7A04886A-B0CC-426E-AFBA-4B0AF459F5C9}
		{0A683DA5-394A-4CA9-86C3-E09B180ADE70} = {7A04886A-B0CC-426E-AFBA-4B0AF459F5C9}
		{A8BF286F-5193-4690-AC8C-D73073C768A8} = {7A04886A-B0CC-426E-AFBA-4B0AF459F5C9}
		{F4AE5484-763D-4384-9B29-A924702F0A64} = {648BFF33-E6E6-46EF-B4F7-ED9ABAA70EA7}
		{648BFF33-E6E6-46EF-B4F7-ED9ABAA70EA7} = {ACFDCCD3-62BC-4BBE-B933-E8634F540D4B}
		{0B6BA8F8-5EFB-425F-B0E9-994C2BD2A4E6} = {ACFDCCD3-62BC-4BBE-B933-E8634F540D4B}
		{E5C798A5-0F3F-4080-B8D8-D2B7C344E6F5} = {0B6BA8F8-5EFB-425F-B0E9-994C2BD2A4E6}
		{602DB481-C107-49EA-8C2F-CBA80872DF60} = {648BFF33-E6E6-46EF-B4F7-ED9ABAA70EA7}
		{73852DC0-9FDC-4848-BFC8-70349541CB63} = {0B6BA8F8-5EFB-425F-B0E9-994C2BD2A4E6}
		{5144AC52-F4A4-47D9-BCF7-0E825FD7870A} = {0B6BA8F8-5EFB-425F-B0E9-994C2BD2A4E6}
	EndGlobalSection
	GlobalSection(ExtensibilityGlobals) = postSolution
		SolutionGuid = {50888AA3-00A5-4824-B3E4-46D306A26516}
	EndGlobalSection
EndGlobal
